
Microsoft Visual Studio Solution File, Format Version 12.00
# Visual Studio Version 16
VisualStudioVersion = 16.0.30128.74
MinimumVisualStudioVersion = 10.0.40219.1
Project("{F184B08F-C81C-45F6-A57F-5ABD9991F28F}") = "WebApplication1", "WebApplication1\WebApplication1.vbproj", "{67273F2A-2910-4F36-B0E9-14D1111C6071}"
EndProject
Global
	GlobalSection(SolutionConfigurationPlatforms) = preSolution
		Debug|Any CPU = Debug|Any CPU
		Release|Any CPU = Release|Any CPU
	EndGlobalSection
	GlobalSection(ProjectConfigurationPlatforms) = postSolution
		{67273F2A-2910-4F36-B0E9-14D1111C6071}.Debug|Any CPU.ActiveCfg = Debug|Any CPU
		{67273F2A-2910-4F36-B0E9-14D1111C6071}.Debug|Any CPU.Build.0 = Debug|Any CPU
		{67273F2A-2910-4F36-B0E9-14D1111C6071}.Release|Any CPU.ActiveCfg = Release|Any CPU
		{67273F2A-2910-4F36-B0E9-14D1111C6071}.Release|Any CPU.Build.0 = Release|Any CPU
	EndGlobalSection
	GlobalSection(SolutionProperties) = preSolution
		HideSolutionNode = FALSE
	EndGlobalSection
	GlobalSection(ExtensibilityGlobals) = postSolution
		SolutionGuid = {B83E7F6E-E61F-4B5E-8999-76A3769825F8}
	EndGlobalSection
EndGlobal
