
Microsoft Visual Studio Solution File, Format Version 12.00
# Visual Studio Version 16
VisualStudioVersion = 16.0.30128.74
MinimumVisualStudioVersion = 10.0.40219.1
Project("{FAE04EC0-301F-11D3-BF4B-00C04F79EFBC}") = "WebApplication2", "WebApplication2\WebApplication2.csproj", "{240B9B1D-F3CA-4659-883D-EC8AFDC193E9}"
EndProject
Project("{FAE04EC0-301F-11D3-BF4B-00C04F79EFBC}") = "UnitTestProject1", "UnitTestProject1\UnitTestProject1.csproj", "{BE973A20-75F6-4B2F-9A65-FB2F4693BABB}"
EndProject
Global
	GlobalSection(SolutionConfigurationPlatforms) = preSolution
		Debug|Any CPU = Debug|Any CPU
		Release|Any CPU = Release|Any CPU
	EndGlobalSection
	GlobalSection(ProjectConfigurationPlatforms) = postSolution
		{240B9B1D-F3CA-4659-883D-EC8AFDC193E9}.Debug|Any CPU.ActiveCfg = Debug|Any CPU
		{240B9B1D-F3CA-4659-883D-EC8AFDC193E9}.Debug|Any CPU.Build.0 = Debug|Any CPU
		{240B9B1D-F3CA-4659-883D-EC8AFDC193E9}.Release|Any CPU.ActiveCfg = Release|Any CPU
		{240B9B1D-F3CA-4659-883D-EC8AFDC193E9}.Release|Any CPU.Build.0 = Release|Any CPU
		{BE973A20-75F6-4B2F-9A65-FB2F4693BABB}.Debug|Any CPU.ActiveCfg = Debug|Any CPU
		{BE973A20-75F6-4B2F-9A65-FB2F4693BABB}.Debug|Any CPU.Build.0 = Debug|Any CPU
		{BE973A20-75F6-4B2F-9A65-FB2F4693BABB}.Release|Any CPU.ActiveCfg = Release|Any CPU
		{BE973A20-75F6-4B2F-9A65-FB2F4693BABB}.Release|Any CPU.Build.0 = Release|Any CPU
	EndGlobalSection
	GlobalSection(SolutionProperties) = preSolution
		HideSolutionNode = FALSE
	EndGlobalSection
	GlobalSection(ExtensibilityGlobals) = postSolution
		SolutionGuid = {33868704-4A23-4FEB-B655-067710DB1A13}
	EndGlobalSection
EndGlobal
